<?xml version="1.0" encoding="utf-8"?>
<Project ToolsVersion="4.0" xmlns="http://schemas.microsoft.com/developer/msbuild/2003">
  <ItemGroup>
    <Filter Include="Source Files">
      <UniqueIdentifier>{4FC737F1-C7A5-4376-A066-2A32D752A2FF}</UniqueIdentifier>
      <Extensions>cpp;c;cc;cxx;c++;cppm;ixx;def;odl;idl;hpj;bat;asm;asmx</Extensions>
    </Filter>
    <Filter Include="Header Files">
      <UniqueIdentifier>{93995380-89BD-4b04-88EB-625FBE52EBFB}</UniqueIdentifier>
      <Extensions>h;hh;hpp;hxx;h++;hm;inl;inc;ipp;xsd</Extensions>
    </Filter>
    <Filter Include="Resource Files">
      <UniqueIdentifier>{67DA6AB6-F800-4c08-8B7A-83BB121AAD01}</UniqueIdentifier>
      <Extensions>rc;ico;cur;bmp;dlg;rc2;rct;bin;rgs;gif;jpg;jpeg;jpe;resx;tiff;tif;png;wav;mfcribbon-ms</Extensions>
    </Filter>
    <Filter Include="Source Files\engine">
      <UniqueIdentifier>{20fc9885-a95d-4bba-a6f3-d258b9d50b58}</UniqueIdentifier>
    </Filter>
    <Filter Include="Header Files\engine">
      <UniqueIdentifier>{a4b7f3a0-adda-4c6a-8a1a-3e4572fa7b4c}</UniqueIdentifier>
    </Filter>
    <Filter Include="Header Files\gameName">
      <UniqueIdentifier>{e23485ee-5a11-4ca0-b082-3740f0eaa1f7}</UniqueIdentifier>
    </Filter>
    <Filter Include="Header Files\gameName\states">
      <UniqueIdentifier>{262f600e-ec94-4b1a-9acb-4b1aa523e5aa}</UniqueIdentifier>
    </Filter>
    <Filter Include="Source Files\gameName">
      <UniqueIdentifier>{ba577f1d-9564-426b-8fc0-8a313b39239d}</UniqueIdentifier>
    </Filter>
    <Filter Include="Source Files\gameName\states">
      <UniqueIdentifier>{2c5557ae-b004-4e47-ac20-2ff526d868e5}</UniqueIdentifier>
    </Filter>
  </ItemGroup>
  <ItemGroup>
    <ClCompile Include="src\main.cpp">
      <Filter>Source Files</Filter>
    </ClCompile>
    <ClCompile Include="src\engine\Engine.cpp">
      <Filter>Source Files\engine</Filter>
    </ClCompile>
    <ClCompile Include="src\engine\Sprite.cpp">
      <Filter>Source Files\engine</Filter>
    </ClCompile>
    <ClCompile Include="src\engine\Text.cpp">
      <Filter>Source Files\engine</Filter>
    </ClCompile>
    <ClCompile Include="src\engine\AnimatedSprite.cpp">
      <Filter>Source Files\engine</Filter>
    </ClCompile>
    <ClCompile Include="src\stb_image_impl.cpp">
      <Filter>Source Files</Filter>
    </ClCompile>
    <ClCompile Include="src\gameName\states\PlayState.cpp">
      <Filter>Source Files\gameName\states</Filter>
    </ClCompile>
  </ItemGroup>
  <ItemGroup>
    <ClInclude Include="include\engine\Engine.h">
      <Filter>Header Files\engine</Filter>
    </ClInclude>
    <ClInclude Include="include\engine\Sprite.h">
      <Filter>Header Files\engine</Filter>
    </ClInclude>
    <ClInclude Include="include\engine\Text.h">
      <Filter>Header Files\engine</Filter>
    </ClInclude>
    <ClInclude Include="include\engine\AnimatedSprite.h">
      <Filter>Header Files\engine</Filter>
    </ClInclude>
    <ClInclude Include="include\gameName\states\PlayState.h">
      <Filter>Header Files\gameName\states</Filter>
    </ClInclude>
    <ClInclude Include="include\engine\State.h">
      <Filter>Header Files\engine</Filter>
    </ClInclude>
  </ItemGroup>
  <ItemGroup>
    <None Include="include\testgame\README.md">
      <Filter>Header Files\gameName</Filter>
    </None>
    <None Include="src\gameName\README.md">
      <Filter>Source Files\gameName</Filter>
    </None>
  </ItemGroup>
</Project>